
Microsoft Visual Studio Solution File, Format Version 12.00
# Visual Studio 15
VisualStudioVersion = 15.0.27428.2037
MinimumVisualStudioVersion = 10.0.40219.1
Project("{FAE04EC0-301F-11D3-BF4B-00C04F79EFBC}") = "MTG-Draft-Maker", "MTG-Draft-Maker\MTG-Draft-Maker.csproj", "{9CE61E6E-03F9-4F49-A8FB-485E1786A021}"
EndProject
Global
	GlobalSection(SolutionConfigurationPlatforms) = preSolution
		Debug|Any CPU = Debug|Any CPU
		Release|Any CPU = Release|Any CPU
	EndGlobalSection
	GlobalSection(ProjectConfigurationPlatforms) = postSolution
		{9CE61E6E-03F9-4F49-A8FB-485E1786A021}.Debug|Any CPU.ActiveCfg = Debug|Any CPU
		{9CE61E6E-03F9-4F49-A8FB-485E1786A021}.Debug|Any CPU.Build.0 = Debug|Any CPU
		{9CE61E6E-03F9-4F49-A8FB-485E1786A021}.Release|Any CPU.ActiveCfg = Release|Any CPU
		{9CE61E6E-03F9-4F49-A8FB-485E1786A021}.Release|Any CPU.Build.0 = Release|Any CPU
	EndGlobalSection
	GlobalSection(SolutionProperties) = preSolution
		HideSolutionNode = FALSE
	EndGlobalSection
	GlobalSection(ExtensibilityGlobals) = postSolution
		SolutionGuid = {601CDF99-A9EC-4A3E-B114-6B945040DD5C}
	EndGlobalSection
EndGlobal
